
Microsoft Visual Studio Solution File, Format Version 12.00
# Visual Studio Version 16
VisualStudioVersion = 16.0.32802.440
MinimumVisualStudioVersion = 10.0.40219.1
Project("{9A19103F-16F7-4668-BE54-9A1E7A4F7556}") = "StaffHelper.Model", "StaffHelper.Model\StaffHelper.Model.csproj", "{9787B90C-C3EE-46B9-ABB1-B55E20ED911C}"
EndProject
Project("{9A19103F-16F7-4668-BE54-9A1E7A4F7556}") = "StaffHelper.Migrations", "StaffHelper.Migrations\StaffHelper.Migrations.csproj", "{37C52AC5-650D-4502-B685-108F9811BC6B}"
EndProject
Project("{9A19103F-16F7-4668-BE54-9A1E7A4F7556}") = "StaffHelper.API", "StaffHelper.API\StaffHelper.API.csproj", "{E2FA64E5-0ECE-4B27-AB71-CB4ADDBCAC52}"
EndProject
Project("{FAE04EC0-301F-11D3-BF4B-00C04F79EFBC}") = "StaffHelper.Service", "StaffHelper.Service\StaffHelper.Service.csproj", "{4F7966D7-80CF-4154-933A-86EB3E0E5D56}"
EndProject
Global
	GlobalSection(SolutionConfigurationPlatforms) = preSolution
		Debug|Any CPU = Debug|Any CPU
		Release|Any CPU = Release|Any CPU
	EndGlobalSection
	GlobalSection(ProjectConfigurationPlatforms) = postSolution
		{9787B90C-C3EE-46B9-ABB1-B55E20ED911C}.Debug|Any CPU.ActiveCfg = Debug|Any CPU
		{9787B90C-C3EE-46B9-ABB1-B55E20ED911C}.Debug|Any CPU.Build.0 = Debug|Any CPU
		{9787B90C-C3EE-46B9-ABB1-B55E20ED911C}.Release|Any CPU.ActiveCfg = Release|Any CPU
		{9787B90C-C3EE-46B9-ABB1-B55E20ED911C}.Release|Any CPU.Build.0 = Release|Any CPU
		{37C52AC5-650D-4502-B685-108F9811BC6B}.Debug|Any CPU.ActiveCfg = Debug|Any CPU
		{37C52AC5-650D-4502-B685-108F9811BC6B}.Debug|Any CPU.Build.0 = Debug|Any CPU
		{37C52AC5-650D-4502-B685-108F9811BC6B}.Release|Any CPU.ActiveCfg = Release|Any CPU
		{37C52AC5-650D-4502-B685-108F9811BC6B}.Release|Any CPU.Build.0 = Release|Any CPU
		{E2FA64E5-0ECE-4B27-AB71-CB4ADDBCAC52}.Debug|Any CPU.ActiveCfg = Debug|Any CPU
		{E2FA64E5-0ECE-4B27-AB71-CB4ADDBCAC52}.Debug|Any CPU.Build.0 = Debug|Any CPU
		{E2FA64E5-0ECE-4B27-AB71-CB4ADDBCAC52}.Release|Any CPU.ActiveCfg = Release|Any CPU
		{E2FA64E5-0ECE-4B27-AB71-CB4ADDBCAC52}.Release|Any CPU.Build.0 = Release|Any CPU
		{4F7966D7-80CF-4154-933A-86EB3E0E5D56}.Debug|Any CPU.ActiveCfg = Debug|Any CPU
		{4F7966D7-80CF-4154-933A-86EB3E0E5D56}.Debug|Any CPU.Build.0 = Debug|Any CPU
		{4F7966D7-80CF-4154-933A-86EB3E0E5D56}.Release|Any CPU.ActiveCfg = Release|Any CPU
		{4F7966D7-80CF-4154-933A-86EB3E0E5D56}.Release|Any CPU.Build.0 = Release|Any CPU
	EndGlobalSection
	GlobalSection(SolutionProperties) = preSolution
		HideSolutionNode = FALSE
	EndGlobalSection
	GlobalSection(ExtensibilityGlobals) = postSolution
		SolutionGuid = {D3D1955F-AB41-471F-A445-895C14814E50}
	EndGlobalSection
EndGlobal
